
Microsoft Visual Studio Solution File, Format Version 11.00
# Visual Studio 2010
# SharpDevelop 4.2.1.8805
Project("{FD48973F-F585-4F70-812B-4D0503B36CE9}") = "Pg240", "Pg240.pyproj", "{196D5485-F7F3-40FE-9EAD-4B9AB94C899B}"
EndProject
Global
	GlobalSection(SolutionConfigurationPlatforms) = preSolution
		Debug|x86 = Debug|x86
		Release|x86 = Release|x86
	EndGlobalSection
	GlobalSection(ProjectConfigurationPlatforms) = postSolution
		{196D5485-F7F3-40FE-9EAD-4B9AB94C899B}.Debug|x86.Build.0 = Debug|x86
		{196D5485-F7F3-40FE-9EAD-4B9AB94C899B}.Debug|x86.ActiveCfg = Debug|x86
		{196D5485-F7F3-40FE-9EAD-4B9AB94C899B}.Release|x86.Build.0 = Release|x86
		{196D5485-F7F3-40FE-9EAD-4B9AB94C899B}.Release|x86.ActiveCfg = Release|x86
	EndGlobalSection
EndGlobal
