
Microsoft Visual Studio Solution File, Format Version 11.00
# Visual Studio 2010
# SharpDevelop 4.2.1.8805
Project("{FD48973F-F585-4F70-812B-4D0503B36CE9}") = "Lang54c", "Lang54c.pyproj", "{BE5087D1-3FC0-4595-B8C4-441FA27A455C}"
EndProject
Global
	GlobalSection(SolutionConfigurationPlatforms) = preSolution
		Debug|x86 = Debug|x86
		Release|x86 = Release|x86
	EndGlobalSection
	GlobalSection(ProjectConfigurationPlatforms) = postSolution
		{BE5087D1-3FC0-4595-B8C4-441FA27A455C}.Debug|x86.Build.0 = Debug|x86
		{BE5087D1-3FC0-4595-B8C4-441FA27A455C}.Debug|x86.ActiveCfg = Debug|x86
		{BE5087D1-3FC0-4595-B8C4-441FA27A455C}.Release|x86.Build.0 = Release|x86
		{BE5087D1-3FC0-4595-B8C4-441FA27A455C}.Release|x86.ActiveCfg = Release|x86
	EndGlobalSection
EndGlobal
