
Microsoft Visual Studio Solution File, Format Version 11.00
# Visual Studio 2010
# SharpDevelop 4.2.1.8805
Project("{FD48973F-F585-4F70-812B-4D0503B36CE9}") = "Prog122c", "Prog122c.pyproj", "{21055715-B712-4F3F-9EE0-9417A914FFDA}"
EndProject
Global
	GlobalSection(SolutionConfigurationPlatforms) = preSolution
		Debug|x86 = Debug|x86
		Release|x86 = Release|x86
	EndGlobalSection
	GlobalSection(ProjectConfigurationPlatforms) = postSolution
		{21055715-B712-4F3F-9EE0-9417A914FFDA}.Debug|x86.Build.0 = Debug|x86
		{21055715-B712-4F3F-9EE0-9417A914FFDA}.Debug|x86.ActiveCfg = Debug|x86
		{21055715-B712-4F3F-9EE0-9417A914FFDA}.Release|x86.Build.0 = Release|x86
		{21055715-B712-4F3F-9EE0-9417A914FFDA}.Release|x86.ActiveCfg = Release|x86
	EndGlobalSection
EndGlobal
